
Microsoft Visual Studio Solution File, Format Version 12.00
# Visual Studio Version 17
VisualStudioVersion = 17.0.31903.59
MinimumVisualStudioVersion = 10.0.40219.1
Project("{FAE04EC0-301F-11D3-BF4B-00C04F79EFBC}") = "API", "API\API.csproj", "{21AB9EDE-4B7D-4979-BD1B-51F636D87990}"
EndProject
Project("{FAE04EC0-301F-11D3-BF4B-00C04F79EFBC}") = "Core", "Core\Core.csproj", "{B0E5C290-21CC-413C-B741-5600FDF67F0A}"
EndProject
Project("{FAE04EC0-301F-11D3-BF4B-00C04F79EFBC}") = "Infrastructure", "Infrastructure\Infrastructure.csproj", "{5E280385-6203-464F-A1B4-1F2E3844141F}"
EndProject
Global
	GlobalSection(SolutionConfigurationPlatforms) = preSolution
		Debug|Any CPU = Debug|Any CPU
		Release|Any CPU = Release|Any CPU
	EndGlobalSection
	GlobalSection(SolutionProperties) = preSolution
		HideSolutionNode = FALSE
	EndGlobalSection
	GlobalSection(ProjectConfigurationPlatforms) = postSolution
		{21AB9EDE-4B7D-4979-BD1B-51F636D87990}.Debug|Any CPU.ActiveCfg = Debug|Any CPU
		{21AB9EDE-4B7D-4979-BD1B-51F636D87990}.Debug|Any CPU.Build.0 = Debug|Any CPU
		{21AB9EDE-4B7D-4979-BD1B-51F636D87990}.Release|Any CPU.ActiveCfg = Release|Any CPU
		{21AB9EDE-4B7D-4979-BD1B-51F636D87990}.Release|Any CPU.Build.0 = Release|Any CPU
		{B0E5C290-21CC-413C-B741-5600FDF67F0A}.Debug|Any CPU.ActiveCfg = Debug|Any CPU
		{B0E5C290-21CC-413C-B741-5600FDF67F0A}.Debug|Any CPU.Build.0 = Debug|Any CPU
		{B0E5C290-21CC-413C-B741-5600FDF67F0A}.Release|Any CPU.ActiveCfg = Release|Any CPU
		{B0E5C290-21CC-413C-B741-5600FDF67F0A}.Release|Any CPU.Build.0 = Release|Any CPU
		{5E280385-6203-464F-A1B4-1F2E3844141F}.Debug|Any CPU.ActiveCfg = Debug|Any CPU
		{5E280385-6203-464F-A1B4-1F2E3844141F}.Debug|Any CPU.Build.0 = Debug|Any CPU
		{5E280385-6203-464F-A1B4-1F2E3844141F}.Release|Any CPU.ActiveCfg = Release|Any CPU
		{5E280385-6203-464F-A1B4-1F2E3844141F}.Release|Any CPU.Build.0 = Release|Any CPU
	EndGlobalSection
EndGlobal
